
Microsoft Visual Studio Solution File, Format Version 12.00
# Visual Studio Version 17
VisualStudioVersion = 17.10.35013.160
MinimumVisualStudioVersion = 10.0.40219.1
Project("{9A19103F-16F7-4668-BE54-9A1E7A4F7556}") = "MeriDiaryv2", "MeriDiaryv2.csproj", "{3B41B3EA-7250-4A7B-B660-9DCA83B22052}"
EndProject
Global
	GlobalSection(SolutionConfigurationPlatforms) = preSolution
		Debug|Any CPU = Debug|Any CPU
		Release|Any CPU = Release|Any CPU
	EndGlobalSection
	GlobalSection(ProjectConfigurationPlatforms) = postSolution
		{3B41B3EA-7250-4A7B-B660-9DCA83B22052}.Debug|Any CPU.ActiveCfg = Debug|Any CPU
		{3B41B3EA-7250-4A7B-B660-9DCA83B22052}.Debug|Any CPU.Build.0 = Debug|Any CPU
		{3B41B3EA-7250-4A7B-B660-9DCA83B22052}.Release|Any CPU.ActiveCfg = Release|Any CPU
		{3B41B3EA-7250-4A7B-B660-9DCA83B22052}.Release|Any CPU.Build.0 = Release|Any CPU
	EndGlobalSection
	GlobalSection(SolutionProperties) = preSolution
		HideSolutionNode = FALSE
	EndGlobalSection
	GlobalSection(ExtensibilityGlobals) = postSolution
		SolutionGuid = {CF681F96-2E70-4F1D-AE29-5291229A702A}
	EndGlobalSection
EndGlobal
